
Microsoft Visual Studio Solution File, Format Version 12.00
Project("{FAE04EC0-301F-11D3-BF4B-00C04F79EFBC}") = "Mentor4U.WpfClassic", "Mentor4U.WpfClassic\Mentor4U.WpfClassic.csproj", "{ADCA79DD-FB66-4129-85F4-ACC76DD296BB}"
EndProject
Global
	GlobalSection(SolutionConfigurationPlatforms) = preSolution
		Debug|Any CPU = Debug|Any CPU
		Release|Any CPU = Release|Any CPU
	EndGlobalSection
	GlobalSection(ProjectConfigurationPlatforms) = postSolution
		{ADCA79DD-FB66-4129-85F4-ACC76DD296BB}.Debug|Any CPU.ActiveCfg = Debug|Any CPU
		{ADCA79DD-FB66-4129-85F4-ACC76DD296BB}.Debug|Any CPU.Build.0 = Debug|Any CPU
		{ADCA79DD-FB66-4129-85F4-ACC76DD296BB}.Release|Any CPU.ActiveCfg = Release|Any CPU
		{ADCA79DD-FB66-4129-85F4-ACC76DD296BB}.Release|Any CPU.Build.0 = Release|Any CPU
	EndGlobalSection
EndGlobal
